
Microsoft Visual Studio Solution File, Format Version 12.00
# Visual Studio 15
VisualStudioVersion = 15.0.28010.2019
MinimumVisualStudioVersion = 10.0.40219.1
Project("{9A19103F-16F7-4668-BE54-9A1E7A4F7556}") = "AAMod", "AAMod.csproj", "{37210C98-A454-4A70-82A7-925B6393DEF7}"
EndProject
Global
	GlobalSection(SolutionConfigurationPlatforms) = preSolution
		Debug|Any CPU = Debug|Any CPU
		Release|Any CPU = Release|Any CPU
	EndGlobalSection
	GlobalSection(ProjectConfigurationPlatforms) = postSolution
		{37210C98-A454-4A70-82A7-925B6393DEF7}.Debug|Any CPU.ActiveCfg = Debug|Any CPU
		{37210C98-A454-4A70-82A7-925B6393DEF7}.Debug|Any CPU.Build.0 = Debug|Any CPU
		{37210C98-A454-4A70-82A7-925B6393DEF7}.Release|Any CPU.ActiveCfg = Release|Any CPU
		{37210C98-A454-4A70-82A7-925B6393DEF7}.Release|Any CPU.Build.0 = Release|Any CPU
	EndGlobalSection
	GlobalSection(SolutionProperties) = preSolution
		HideSolutionNode = FALSE
	EndGlobalSection
	GlobalSection(ExtensibilityGlobals) = postSolution
		SolutionGuid = {A1E5AB2A-0A83-481B-AD5F-52EC80E114C5}
	EndGlobalSection
EndGlobal
