
Microsoft Visual Studio Solution File, Format Version 12.00
# Visual Studio 15
VisualStudioVersion = 15.0.27703.2000
MinimumVisualStudioVersion = 10.0.40219.1
Project("{FAE04EC0-301F-11D3-BF4B-00C04F79EFBC}") = "AAMod", "AAMod.csproj", "{C1FBCA43-7ED3-459D-9D55-9EE539453A11}"
EndProject
Global
	GlobalSection(SolutionConfigurationPlatforms) = preSolution
		Debug|Any CPU = Debug|Any CPU
		Release|Any CPU = Release|Any CPU
	EndGlobalSection
	GlobalSection(ProjectConfigurationPlatforms) = postSolution
		{C1FBCA43-7ED3-459D-9D55-9EE539453A11}.Debug|Any CPU.ActiveCfg = Debug|Any CPU
		{C1FBCA43-7ED3-459D-9D55-9EE539453A11}.Debug|Any CPU.Build.0 = Debug|Any CPU
		{C1FBCA43-7ED3-459D-9D55-9EE539453A11}.Release|Any CPU.ActiveCfg = Release|Any CPU
		{C1FBCA43-7ED3-459D-9D55-9EE539453A11}.Release|Any CPU.Build.0 = Release|Any CPU
	EndGlobalSection
	GlobalSection(SolutionProperties) = preSolution
		HideSolutionNode = FALSE
	EndGlobalSection
	GlobalSection(ExtensibilityGlobals) = postSolution
		SolutionGuid = {67721104-D3BA-4AEE-AEA9-D4BB328DB8B2}
	EndGlobalSection
EndGlobal
